
Microsoft Visual Studio Solution File, Format Version 12.00
# Visual Studio 15
VisualStudioVersion = 15.0.28010.2048
MinimumVisualStudioVersion = 10.0.40219.1
Project("{FAE04EC0-301F-11D3-BF4B-00C04F79EFBC}") = "LAB5_Algoritmh", "LAB5_Algoritmh\LAB5_Algoritmh.csproj", "{214A0536-083E-43E6-967D-6AB18D24909C}"
EndProject
Global
	GlobalSection(SolutionConfigurationPlatforms) = preSolution
		Debug|Any CPU = Debug|Any CPU
		Release|Any CPU = Release|Any CPU
	EndGlobalSection
	GlobalSection(ProjectConfigurationPlatforms) = postSolution
		{214A0536-083E-43E6-967D-6AB18D24909C}.Debug|Any CPU.ActiveCfg = Debug|Any CPU
		{214A0536-083E-43E6-967D-6AB18D24909C}.Debug|Any CPU.Build.0 = Debug|Any CPU
		{214A0536-083E-43E6-967D-6AB18D24909C}.Release|Any CPU.ActiveCfg = Release|Any CPU
		{214A0536-083E-43E6-967D-6AB18D24909C}.Release|Any CPU.Build.0 = Release|Any CPU
	EndGlobalSection
	GlobalSection(SolutionProperties) = preSolution
		HideSolutionNode = FALSE
	EndGlobalSection
	GlobalSection(ExtensibilityGlobals) = postSolution
		SolutionGuid = {B8641B6B-307C-4866-9257-E0128889CFE2}
	EndGlobalSection
EndGlobal
